// !$*UTF8*$!
{
	archiveVersion = 1;
	classes = {
	};
	objectVersion = 56;
	objects = {

/* Begin PBXBuildFile section */
		8B1B559E29E0391100C96EE4 /* pinch3.gif in Resources */ = {isa = PBXBuildFile; fileRef = 8B1B559A29E0391100C96EE4 /* pinch3.gif */; };
		8B1B559F29E0391100C96EE4 /* pinch2.gif in Resources */ = {isa = PBXBuildFile; fileRef = 8B1B559B29E0391100C96EE4 /* pinch2.gif */; };
		8B1B55A029E0391100C96EE4 /* pinch1.gif in Resources */ = {isa = PBXBuildFile; fileRef = 8B1B559C29E0391100C96EE4 /* pinch1.gif */; };
		8B1B55A129E0391100C96EE4 /* pinch4.gif in Resources */ = {isa = PBXBuildFile; fileRef = 8B1B559D29E0391100C96EE4 /* pinch4.gif */; };
		8B6F7EBB29DEE1640052994A /* PinchApp.swift in Sources */ = {isa = PBXBuildFile; fileRef = 8B6F7EBA29DEE1640052994A /* PinchApp.swift */; };
		8B6F7EBD29DEE1640052994A /* ContentView.swift in Sources */ = {isa = PBXBuildFile; fileRef = 8B6F7EBC29DEE1640052994A /* ContentView.swift */; };
		8B6F7EBF29DEE1660052994A /* Assets.xcassets in Resources */ = {isa = PBXBuildFile; fileRef = 8B6F7EBE29DEE1660052994A /* Assets.xcassets */; };
		8B6F7EC229DEE1660052994A /* Preview Assets.xcassets in Resources */ = {isa = PBXBuildFile; fileRef = 8B6F7EC129DEE1660052994A /* Preview Assets.xcassets */; };
		8B6F7ECD29DEF38A0052994A /* FrontCoverImageView.swift in Sources */ = {isa = PBXBuildFile; fileRef = 8B6F7ECC29DEF38A0052994A /* FrontCoverImageView.swift */; };
		8B6F7ECF29DF324B0052994A /* InfoPanelView.swift in Sources */ = {isa = PBXBuildFile; fileRef = 8B6F7ECE29DF324B0052994A /* InfoPanelView.swift */; };
		8B6F7ED129DF42EB0052994A /* ControlImageView.swift in Sources */ = {isa = PBXBuildFile; fileRef = 8B6F7ED029DF42EB0052994A /* ControlImageView.swift */; };
		8B6F7ED329DF48EA0052994A /* ControlPanelView.swift in Sources */ = {isa = PBXBuildFile; fileRef = 8B6F7ED229DF48EA0052994A /* ControlPanelView.swift */; };
		8B6F7ED529DF50320052994A /* DrawerView.swift in Sources */ = {isa = PBXBuildFile; fileRef = 8B6F7ED429DF50320052994A /* DrawerView.swift */; };
		8B6F7ED729DF51AA0052994A /* PageModel.swift in Sources */ = {isa = PBXBuildFile; fileRef = 8B6F7ED629DF51AA0052994A /* PageModel.swift */; };
		8B6F7EDB29DF529A0052994A /* PageData.swift in Sources */ = {isa = PBXBuildFile; fileRef = 8B6F7EDA29DF529A0052994A /* PageData.swift */; };
/* End PBXBuildFile section */

/* Begin PBXFileReference section */
		8B1B559829E0385200C96EE4 /* README.md */ = {isa = PBXFileReference; lastKnownFileType = net.daringfireball.markdown; path = README.md; sourceTree = "<group>"; };
		8B1B559A29E0391100C96EE4 /* pinch3.gif */ = {isa = PBXFileReference; lastKnownFileType = image.gif; path = pinch3.gif; sourceTree = "<group>"; };
		8B1B559B29E0391100C96EE4 /* pinch2.gif */ = {isa = PBXFileReference; lastKnownFileType = image.gif; path = pinch2.gif; sourceTree = "<group>"; };
		8B1B559C29E0391100C96EE4 /* pinch1.gif */ = {isa = PBXFileReference; lastKnownFileType = image.gif; path = pinch1.gif; sourceTree = "<group>"; };
		8B1B559D29E0391100C96EE4 /* pinch4.gif */ = {isa = PBXFileReference; lastKnownFileType = image.gif; path = pinch4.gif; sourceTree = "<group>"; };
		8B6F7EB729DEE1640052994A /* Pinch.app */ = {isa = PBXFileReference; explicitFileType = wrapper.application; includeInIndex = 0; path = Pinch.app; sourceTree = BUILT_PRODUCTS_DIR; };
		8B6F7EBA29DEE1640052994A /* PinchApp.swift */ = {isa = PBXFileReference; lastKnownFileType = sourcecode.swift; path = PinchApp.swift; sourceTree = "<group>"; };
		8B6F7EBC29DEE1640052994A /* ContentView.swift */ = {isa = PBXFileReference; lastKnownFileType = sourcecode.swift; path = ContentView.swift; sourceTree = "<group>"; };
		8B6F7EBE29DEE1660052994A /* Assets.xcassets */ = {isa = PBXFileReference; lastKnownFileType = folder.assetcatalog; path = Assets.xcassets; sourceTree = "<group>"; };
		8B6F7EC129DEE1660052994A /* Preview Assets.xcassets */ = {isa = PBXFileReference; lastKnownFileType = folder.assetcatalog; path = "Preview Assets.xcassets"; sourceTree = "<group>"; };
		8B6F7ECC29DEF38A0052994A /* FrontCoverImageView.swift */ = {isa = PBXFileReference; lastKnownFileType = sourcecode.swift; path = FrontCoverImageView.swift; sourceTree = "<group>"; };
		8B6F7ECE29DF324B0052994A /* InfoPanelView.swift */ = {isa = PBXFileReference; lastKnownFileType = sourcecode.swift; path = InfoPanelView.swift; sourceTree = "<group>"; };
		8B6F7ED029DF42EB0052994A /* ControlImageView.swift */ = {isa = PBXFileReference; lastKnownFileType = sourcecode.swift; path = ControlImageView.swift; sourceTree = "<group>"; };
		8B6F7ED229DF48EA0052994A /* ControlPanelView.swift */ = {isa = PBXFileReference; lastKnownFileType = sourcecode.swift; path = ControlPanelView.swift; sourceTree = "<group>"; };
		8B6F7ED429DF50320052994A /* DrawerView.swift */ = {isa = PBXFileReference; lastKnownFileType = sourcecode.swift; path = DrawerView.swift; sourceTree = "<group>"; };
		8B6F7ED629DF51AA0052994A /* PageModel.swift */ = {isa = PBXFileReference; lastKnownFileType = sourcecode.swift; path = PageModel.swift; sourceTree = "<group>"; };
		8B6F7EDA29DF529A0052994A /* PageData.swift */ = {isa = PBXFileReference; lastKnownFileType = sourcecode.swift; path = PageData.swift; sourceTree = "<group>"; };
/* End PBXFileReference section */

/* Begin PBXFrameworksBuildPhase section */
		8B6F7EB429DEE1640052994A /* Frameworks */ = {
			isa = PBXFrameworksBuildPhase;
			buildActionMask = 2147483647;
			files = (
			);
			runOnlyForDeploymentPostprocessing = 0;
		};
/* End PBXFrameworksBuildPhase section */

/* Begin PBXGroup section */
		8B1B559929E038C900C96EE4 /* images */ = {
			isa = PBXGroup;
			children = (
				8B1B559C29E0391100C96EE4 /* pinch1.gif */,
				8B1B559B29E0391100C96EE4 /* pinch2.gif */,
				8B1B559A29E0391100C96EE4 /* pinch3.gif */,
				8B1B559D29E0391100C96EE4 /* pinch4.gif */,
			);
			path = images;
			sourceTree = "<group>";
		};
		8B6F7EAE29DEE1640052994A = {
			isa = PBXGroup;
			children = (
				8B1B559929E038C900C96EE4 /* images */,
				8B1B559829E0385200C96EE4 /* README.md */,
				8B6F7EB929DEE1640052994A /* Pinch */,
				8B6F7EB829DEE1640052994A /* Products */,
			);
			sourceTree = "<group>";
		};
		8B6F7EB829DEE1640052994A /* Products */ = {
			isa = PBXGroup;
			children = (
				8B6F7EB729DEE1640052994A /* Pinch.app */,
			);
			name = Products;
			sourceTree = "<group>";
		};
		8B6F7EB929DEE1640052994A /* Pinch */ = {
			isa = PBXGroup;
			children = (
				8B6F7EBA29DEE1640052994A /* PinchApp.swift */,
				8B6F7ECB29DEEA670052994A /* Data */,
				8B6F7ECA29DEEA5E0052994A /* Model */,
				8B6F7EC829DEEA2D0052994A /* Views */,
				8B6F7EC929DEEA3C0052994A /* Screens */,
				8B6F7EBE29DEE1660052994A /* Assets.xcassets */,
				8B6F7EC029DEE1660052994A /* Preview Content */,
			);
			path = Pinch;
			sourceTree = "<group>";
		};
		8B6F7EC029DEE1660052994A /* Preview Content */ = {
			isa = PBXGroup;
			children = (
				8B6F7EC129DEE1660052994A /* Preview Assets.xcassets */,
			);
			path = "Preview Content";
			sourceTree = "<group>";
		};
		8B6F7EC829DEEA2D0052994A /* Views */ = {
			isa = PBXGroup;
			children = (
				8B6F7ECC29DEF38A0052994A /* FrontCoverImageView.swift */,
				8B6F7ECE29DF324B0052994A /* InfoPanelView.swift */,
				8B6F7ED029DF42EB0052994A /* ControlImageView.swift */,
				8B6F7ED229DF48EA0052994A /* ControlPanelView.swift */,
				8B6F7ED429DF50320052994A /* DrawerView.swift */,
			);
			path = Views;
			sourceTree = "<group>";
		};
		8B6F7EC929DEEA3C0052994A /* Screens */ = {
			isa = PBXGroup;
			children = (
				8B6F7EBC29DEE1640052994A /* ContentView.swift */,
			);
			path = Screens;
			sourceTree = "<group>";
		};
		8B6F7ECA29DEEA5E0052994A /* Model */ = {
			isa = PBXGroup;
			children = (
				8B6F7ED629DF51AA0052994A /* PageModel.swift */,
			);
			path = Model;
			sourceTree = "<group>";
		};
		8B6F7ECB29DEEA670052994A /* Data */ = {
			isa = PBXGroup;
			children = (
				8B6F7EDA29DF529A0052994A /* PageData.swift */,
			);
			path = Data;
			sourceTree = "<group>";
		};
/* End PBXGroup section */

/* Begin PBXNativeTarget section */
		8B6F7EB629DEE1640052994A /* Pinch */ = {
			isa = PBXNativeTarget;
			buildConfigurationList = 8B6F7EC529DEE1660052994A /* Build configuration list for PBXNativeTarget "Pinch" */;
			buildPhases = (
				8B6F7EB329DEE1640052994A /* Sources */,
				8B6F7EB429DEE1640052994A /* Frameworks */,
				8B6F7EB529DEE1640052994A /* Resources */,
			);
			buildRules = (
			);
			dependencies = (
			);
			name = Pinch;
			productName = Pinch;
			productReference = 8B6F7EB729DEE1640052994A /* Pinch.app */;
			productType = "com.apple.product-type.application";
		};
/* End PBXNativeTarget section */

/* Begin PBXProject section */
		8B6F7EAF29DEE1640052994A /* Project object */ = {
			isa = PBXProject;
			attributes = {
				BuildIndependentTargetsInParallel = 1;
				LastSwiftUpdateCheck = 1430;
				LastUpgradeCheck = 1430;
				TargetAttributes = {
					8B6F7EB629DEE1640052994A = {
						CreatedOnToolsVersion = 14.3;
					};
				};
			};
			buildConfigurationList = 8B6F7EB229DEE1640052994A /* Build configuration list for PBXProject "Pinch" */;
			compatibilityVersion = "Xcode 14.0";
			developmentRegion = en;
			hasScannedForEncodings = 0;
			knownRegions = (
				en,
				Base,
			);
			mainGroup = 8B6F7EAE29DEE1640052994A;
			productRefGroup = 8B6F7EB829DEE1640052994A /* Products */;
			projectDirPath = "";
			projectRoot = "";
			targets = (
				8B6F7EB629DEE1640052994A /* Pinch */,
			);
		};
/* End PBXProject section */

/* Begin PBXResourcesBuildPhase section */
		8B6F7EB529DEE1640052994A /* Resources */ = {
			isa = PBXResourcesBuildPhase;
			buildActionMask = 2147483647;
			files = (
				8B1B55A129E0391100C96EE4 /* pinch4.gif in Resources */,
				8B6F7EC229DEE1660052994A /* Preview Assets.xcassets in Resources */,
				8B1B559E29E0391100C96EE4 /* pinch3.gif in Resources */,
				8B1B559F29E0391100C96EE4 /* pinch2.gif in Resources */,
				8B6F7EBF29DEE1660052994A /* Assets.xcassets in Resources */,
				8B1B55A029E0391100C96EE4 /* pinch1.gif in Resources */,
			);
			runOnlyForDeploymentPostprocessing = 0;
		};
/* End PBXResourcesBuildPhase section */

/* Begin PBXSourcesBuildPhase section */
		8B6F7EB329DEE1640052994A /* Sources */ = {
			isa = PBXSourcesBuildPhase;
			buildActionMask = 2147483647;
			files = (
				8B6F7ED729DF51AA0052994A /* PageModel.swift in Sources */,
				8B6F7EDB29DF529A0052994A /* PageData.swift in Sources */,
				8B6F7ED529DF50320052994A /* DrawerView.swift in Sources */,
				8B6F7EBD29DEE1640052994A /* ContentView.swift in Sources */,
				8B6F7ECF29DF324B0052994A /* InfoPanelView.swift in Sources */,
				8B6F7ED129DF42EB0052994A /* ControlImageView.swift in Sources */,
				8B6F7ED329DF48EA0052994A /* ControlPanelView.swift in Sources */,
				8B6F7EBB29DEE1640052994A /* PinchApp.swift in Sources */,
				8B6F7ECD29DEF38A0052994A /* FrontCoverImageView.swift in Sources */,
			);
			runOnlyForDeploymentPostprocessing = 0;
		};
/* End PBXSourcesBuildPhase section */

/* Begin XCBuildConfiguration section */
		8B6F7EC329DEE1660052994A /* Debug */ = {
			isa = XCBuildConfiguration;
			buildSettings = {
				ALWAYS_SEARCH_USER_PATHS = NO;
				CLANG_ANALYZER_NONNULL = YES;
				CLANG_ANALYZER_NUMBER_OBJECT_CONVERSION = YES_AGGRESSIVE;
				CLANG_CXX_LANGUAGE_STANDARD = "gnu++20";
				CLANG_ENABLE_MODULES = YES;
				CLANG_ENABLE_OBJC_ARC = YES;
				CLANG_ENABLE_OBJC_WEAK = YES;
				CLANG_WARN_BLOCK_CAPTURE_AUTORELEASING = YES;
				CLANG_WARN_BOOL_CONVERSION = YES;
				CLANG_WARN_COMMA = YES;
				CLANG_WARN_CONSTANT_CONVERSION = YES;
				CLANG_WARN_DEPRECATED_OBJC_IMPLEMENTATIONS = YES;
				CLANG_WARN_DIRECT_OBJC_ISA_USAGE = YES_ERROR;
				CLANG_WARN_DOCUMENTATION_COMMENTS = YES;
				CLANG_WARN_EMPTY_BODY = YES;
				CLANG_WARN_ENUM_CONVERSION = YES;
				CLANG_WARN_INFINITE_RECURSION = YES;
				CLANG_WARN_INT_CONVERSION = YES;
				CLANG_WARN_NON_LITERAL_NULL_CONVERSION = YES;
				CLANG_WARN_OBJC_IMPLICIT_RETAIN_SELF = YES;
				CLANG_WARN_OBJC_LITERAL_CONVERSION = YES;
				CLANG_WARN_OBJC_ROOT_CLASS = YES_ERROR;
				CLANG_WARN_QUOTED_INCLUDE_IN_FRAMEWORK_HEADER = YES;
				CLANG_WARN_RANGE_LOOP_ANALYSIS = YES;
				CLANG_WARN_STRICT_PROTOTYPES = YES;
				CLANG_WARN_SUSPICIOUS_MOVE = YES;
				CLANG_WARN_UNGUARDED_AVAILABILITY = YES_AGGRESSIVE;
				CLANG_WARN_UNREACHABLE_CODE = YES;
				CLANG_WARN__DUPLICATE_METHOD_MATCH = YES;
				COPY_PHASE_STRIP = NO;
				DEBUG_INFORMATION_FORMAT = dwarf;
				ENABLE_STRICT_OBJC_MSGSEND = YES;
				ENABLE_TESTABILITY = YES;
				GCC_C_LANGUAGE_STANDARD = gnu11;
				GCC_DYNAMIC_NO_PIC = NO;
				GCC_NO_COMMON_BLOCKS = YES;
				GCC_OPTIMIZATION_LEVEL = 0;
				GCC_PREPROCESSOR_DEFINITIONS = (
					"DEBUG=1",
					"$(inherited)",
				);
				GCC_WARN_64_TO_32_BIT_CONVERSION = YES;
				GCC_WARN_ABOUT_RETURN_TYPE = YES_ERROR;
				GCC_WARN_UNDECLARED_SELECTOR = YES;
				GCC_WARN_UNINITIALIZED_AUTOS = YES_AGGRESSIVE;
				GCC_WARN_UNUSED_FUNCTION = YES;
				GCC_WARN_UNUSED_VARIABLE = YES;
				IPHONEOS_DEPLOYMENT_TARGET = 16.4;
				MTL_ENABLE_DEBUG_INFO = INCLUDE_SOURCE;
				MTL_FAST_MATH = YES;
				ONLY_ACTIVE_ARCH = YES;
				SDKROOT = iphoneos;
				SWIFT_ACTIVE_COMPILATION_CONDITIONS = DEBUG;
				SWIFT_OPTIMIZATION_LEVEL = "-Onone";
			};
			name = Debug;
		};
		8B6F7EC429DEE1660052994A /* Release */ = {
			isa = XCBuildConfiguration;
			buildSettings = {
				ALWAYS_SEARCH_USER_PATHS = NO;
				CLANG_ANALYZER_NONNULL = YES;
				CLANG_ANALYZER_NUMBER_OBJECT_CONVERSION = YES_AGGRESSIVE;
				CLANG_CXX_LANGUAGE_STANDARD = "gnu++20";
				CLANG_ENABLE_MODULES = YES;
				CLANG_ENABLE_OBJC_ARC = YES;
				CLANG_ENABLE_OBJC_WEAK = YES;
				CLANG_WARN_BLOCK_CAPTURE_AUTORELEASING = YES;
				CLANG_WARN_BOOL_CONVERSION = YES;
				CLANG_WARN_COMMA = YES;
				CLANG_WARN_CONSTANT_CONVERSION = YES;
				CLANG_WARN_DEPRECATED_OBJC_IMPLEMENTATIONS = YES;
				CLANG_WARN_DIRECT_OBJC_ISA_USAGE = YES_ERROR;
				CLANG_WARN_DOCUMENTATION_COMMENTS = YES;
				CLANG_WARN_EMPTY_BODY = YES;
				CLANG_WARN_ENUM_CONVERSION = YES;
				CLANG_WARN_INFINITE_RECURSION = YES;
				CLANG_WARN_INT_CONVERSION = YES;
				CLANG_WARN_NON_LITERAL_NULL_CONVERSION = YES;
				CLANG_WARN_OBJC_IMPLICIT_RETAIN_SELF = YES;
				CLANG_WARN_OBJC_LITERAL_CONVERSION = YES;
				CLANG_WARN_OBJC_ROOT_CLASS = YES_ERROR;
				CLANG_WARN_QUOTED_INCLUDE_IN_FRAMEWORK_HEADER = YES;
				CLANG_WARN_RANGE_LOOP_ANALYSIS = YES;
				CLANG_WARN_STRICT_PROTOTYPES = YES;
				CLANG_WARN_SUSPICIOUS_MOVE = YES;
				CLANG_WARN_UNGUARDED_AVAILABILITY = YES_AGGRESSIVE;
				CLANG_WARN_UNREACHABLE_CODE = YES;
				CLANG_WARN__DUPLICATE_METHOD_MATCH = YES;
				COPY_PHASE_STRIP = NO;
				DEBUG_INFORMATION_FORMAT = "dwarf-with-dsym";
				ENABLE_NS_ASSERTIONS = NO;
				ENABLE_STRICT_OBJC_MSGSEND = YES;
				GCC_C_LANGUAGE_STANDARD = gnu11;
				GCC_NO_COMMON_BLOCKS = YES;
				GCC_WARN_64_TO_32_BIT_CONVERSION = YES;
				GCC_WARN_ABOUT_RETURN_TYPE = YES_ERROR;
				GCC_WARN_UNDECLARED_SELECTOR = YES;
				GCC_WARN_UNINITIALIZED_AUTOS = YES_AGGRESSIVE;
				GCC_WARN_UNUSED_FUNCTION = YES;
				GCC_WARN_UNUSED_VARIABLE = YES;
				IPHONEOS_DEPLOYMENT_TARGET = 16.4;
				MTL_ENABLE_DEBUG_INFO = NO;
				MTL_FAST_MATH = YES;
				SDKROOT = iphoneos;
				SWIFT_COMPILATION_MODE = wholemodule;
				SWIFT_OPTIMIZATION_LEVEL = "-O";
				VALIDATE_PRODUCT = YES;
			};
			name = Release;
		};
		8B6F7EC629DEE1660052994A /* Debug */ = {
			isa = XCBuildConfiguration;
			buildSettings = {
				ASSETCATALOG_COMPILER_APPICON_NAME = AppIcon;
				ASSETCATALOG_COMPILER_GLOBAL_ACCENT_COLOR_NAME = AccentColor;
				CODE_SIGN_STYLE = Automatic;
				CURRENT_PROJECT_VERSION = 1;
				DEVELOPMENT_ASSET_PATHS = "\"Pinch/Preview Content\"";
				DEVELOPMENT_TEAM = R55SB7N5G9;
				ENABLE_PREVIEWS = YES;
				GENERATE_INFOPLIST_FILE = YES;
				INFOPLIST_KEY_UIApplicationSceneManifest_Generation = YES;
				INFOPLIST_KEY_UIApplicationSupportsIndirectInputEvents = YES;
				INFOPLIST_KEY_UILaunchScreen_Generation = YES;
				INFOPLIST_KEY_UISupportedInterfaceOrientations = UIInterfaceOrientationPortrait;
				IPHONEOS_DEPLOYMENT_TARGET = 15.0;
				LD_RUNPATH_SEARCH_PATHS = (
					"$(inherited)",
					"@executable_path/Frameworks",
				);
				MARKETING_VERSION = 1.0;
				PRODUCT_BUNDLE_IDENTIFIER = dev.slashapp.Pinch;
				PRODUCT_NAME = "$(TARGET_NAME)";
				SWIFT_EMIT_LOC_STRINGS = YES;
				SWIFT_VERSION = 5.0;
				TARGETED_DEVICE_FAMILY = "1,2";
			};
			name = Debug;
		};
		8B6F7EC729DEE1660052994A /* Release */ = {
			isa = XCBuildConfiguration;
			buildSettings = {
				ASSETCATALOG_COMPILER_APPICON_NAME = AppIcon;
				ASSETCATALOG_COMPILER_GLOBAL_ACCENT_COLOR_NAME = AccentColor;
				CODE_SIGN_STYLE = Automatic;
				CURRENT_PROJECT_VERSION = 1;
				DEVELOPMENT_ASSET_PATHS = "\"Pinch/Preview Content\"";
				DEVELOPMENT_TEAM = R55SB7N5G9;
				ENABLE_PREVIEWS = YES;
				GENERATE_INFOPLIST_FILE = YES;
				INFOPLIST_KEY_UIApplicationSceneManifest_Generation = YES;
				INFOPLIST_KEY_UIApplicationSupportsIndirectInputEvents = YES;
				INFOPLIST_KEY_UILaunchScreen_Generation = YES;
				INFOPLIST_KEY_UISupportedInterfaceOrientations = UIInterfaceOrientationPortrait;
				IPHONEOS_DEPLOYMENT_TARGET = 15.0;
				LD_RUNPATH_SEARCH_PATHS = (
					"$(inherited)",
					"@executable_path/Frameworks",
				);
				MARKETING_VERSION = 1.0;
				PRODUCT_BUNDLE_IDENTIFIER = dev.slashapp.Pinch;
				PRODUCT_NAME = "$(TARGET_NAME)";
				SWIFT_EMIT_LOC_STRINGS = YES;
				SWIFT_VERSION = 5.0;
				TARGETED_DEVICE_FAMILY = "1,2";
			};
			name = Release;
		};
/* End XCBuildConfiguration section */

/* Begin XCConfigurationList section */
		8B6F7EB229DEE1640052994A /* Build configuration list for PBXProject "Pinch" */ = {
			isa = XCConfigurationList;
			buildConfigurations = (
				8B6F7EC329DEE1660052994A /* Debug */,
				8B6F7EC429DEE1660052994A /* Release */,
			);
			defaultConfigurationIsVisible = 0;
			defaultConfigurationName = Release;
		};
		8B6F7EC529DEE1660052994A /* Build configuration list for PBXNativeTarget "Pinch" */ = {
			isa = XCConfigurationList;
			buildConfigurations = (
				8B6F7EC629DEE1660052994A /* Debug */,
				8B6F7EC729DEE1660052994A /* Release */,
			);
			defaultConfigurationIsVisible = 0;
			defaultConfigurationName = Release;
		};
/* End XCConfigurationList section */
	};
	rootObject = 8B6F7EAF29DEE1640052994A /* Project object */;
}
